// !$*UTF8*$!
{
	archiveVersion = 1;
	classes = {
	};
	objectVersion = 77;
	objects = {

/* Begin PBXBuildFile section */
		A01281892FABD5FF00629E5A /* GoogleMobileAds in Frameworks */ = {isa = PBXBuildFile; productRef = A01281882FABD5FF00629E5A /* GoogleMobileAds */; };
		A012818B2FABD5FF00629E5A /* GoogleUserMessagingPlatform in Frameworks */ = {isa = PBXBuildFile; productRef = A012818A2FABD5FF00629E5A /* GoogleUserMessagingPlatform */; };
		A01286342FAE159B00629E5A /* RevenueCat in Frameworks */ = {isa = PBXBuildFile; productRef = A01286332FAE159B00629E5A /* RevenueCat */; };
		A01286362FAE159B00629E5A /* RevenueCatUI in Frameworks */ = {isa = PBXBuildFile; productRef = A01286352FAE159B00629E5A /* RevenueCatUI */; };
		A01286A02FAFCC7600629E5A /* FirebaseAnalytics in Frameworks */ = {isa = PBXBuildFile; productRef = A012869F2FAFCC7600629E5A /* FirebaseAnalytics */; };
		A046B5772FF0889600DD65C5 /* WidgetKit.framework in Frameworks */ = {isa = PBXBuildFile; fileRef = A07078942FA60446009298AF /* WidgetKit.framework */; };
		A046B5782FF0889600DD65C5 /* SwiftUI.framework in Frameworks */ = {isa = PBXBuildFile; fileRef = A07078962FA60446009298AF /* SwiftUI.framework */; };
		A046B5852FF0889600DD65C5 /* KindledWidgetExtension.appex in Embed Foundation Extensions */ = {isa = PBXBuildFile; fileRef = A046B5762FF0889600DD65C5 /* KindledWidgetExtension.appex */; settings = {ATTRIBUTES = (RemoveHeadersOnCopy, ); }; };
/* End PBXBuildFile section */

/* Begin PBXContainerItemProxy section */
		A046B5832FF0889600DD65C5 /* PBXContainerItemProxy */ = {
			isa = PBXContainerItemProxy;
			containerPortal = A0A7F8C62FA54E3F00BCE594 /* Project object */;
			proxyType = 1;
			remoteGlobalIDString = A046B5752FF0889600DD65C5;
			remoteInfo = KindledWidgetExtension;
		};
/* End PBXContainerItemProxy section */

/* Begin PBXCopyFilesBuildPhase section */
		A07078A92FA60447009298AF /* Embed Foundation Extensions */ = {
			isa = PBXCopyFilesBuildPhase;
			buildActionMask = 2147483647;
			dstPath = "";
			dstSubfolderSpec = 13;
			files = (
				A046B5852FF0889600DD65C5 /* KindledWidgetExtension.appex in Embed Foundation Extensions */,
			);
			name = "Embed Foundation Extensions";
			runOnlyForDeploymentPostprocessing = 0;
		};
/* End PBXCopyFilesBuildPhase section */

/* Begin PBXFileReference section */
		A046B5762FF0889600DD65C5 /* KindledWidgetExtension.appex */ = {isa = PBXFileReference; explicitFileType = "wrapper.app-extension"; includeInIndex = 0; path = KindledWidgetExtension.appex; sourceTree = BUILT_PRODUCTS_DIR; };
		A046B58B2FF0893800DD65C5 /* KindledWidgetExtension.entitlements */ = {isa = PBXFileReference; lastKnownFileType = text.plist.entitlements; path = KindledWidgetExtension.entitlements; sourceTree = "<group>"; };
		A07078942FA60446009298AF /* WidgetKit.framework */ = {isa = PBXFileReference; lastKnownFileType = wrapper.framework; name = WidgetKit.framework; path = System/Library/Frameworks/WidgetKit.framework; sourceTree = SDKROOT; };
		A07078962FA60446009298AF /* SwiftUI.framework */ = {isa = PBXFileReference; lastKnownFileType = wrapper.framework; name = SwiftUI.framework; path = System/Library/Frameworks/SwiftUI.framework; sourceTree = SDKROOT; };
		A0A7F8CE2FA54E3F00BCE594 /* Kindled.app */ = {isa = PBXFileReference; explicitFileType = wrapper.application; includeInIndex = 0; path = Kindled.app; sourceTree = BUILT_PRODUCTS_DIR; };
/* End PBXFileReference section */

/* Begin PBXFileSystemSynchronizedBuildFileExceptionSet section */
		A012818B2FABD61700629E5A /* Exceptions for "Kindled" folder in "Kindled" target */ = {
			isa = PBXFileSystemSynchronizedBuildFileExceptionSet;
			membershipExceptions = (
				Info.plist,
			);
			target = A0A7F8CD2FA54E3F00BCE594 /* Kindled */;
		};
		A046B5892FF0889600DD65C5 /* Exceptions for "KindledWidget" folder in "KindledWidgetExtension" target */ = {
			isa = PBXFileSystemSynchronizedBuildFileExceptionSet;
			membershipExceptions = (
				Info.plist,
			);
			target = A046B5752FF0889600DD65C5 /* KindledWidgetExtension */;
		};
/* End PBXFileSystemSynchronizedBuildFileExceptionSet section */

/* Begin PBXFileSystemSynchronizedRootGroup section */
		A046B5792FF0889600DD65C5 /* KindledWidget */ = {
			isa = PBXFileSystemSynchronizedRootGroup;
			exceptions = (
				A046B5892FF0889600DD65C5 /* Exceptions for "KindledWidget" folder in "KindledWidgetExtension" target */,
			);
			path = KindledWidget;
			sourceTree = "<group>";
		};
		A0A7F8D02FA54E3F00BCE594 /* Kindled */ = {
			isa = PBXFileSystemSynchronizedRootGroup;
			exceptions = (
				A012818B2FABD61700629E5A /* Exceptions for "Kindled" folder in "Kindled" target */,
			);
			path = Kindled;
			sourceTree = "<group>";
		};
/* End PBXFileSystemSynchronizedRootGroup section */

/* Begin PBXFrameworksBuildPhase section */
		A046B5732FF0889600DD65C5 /* Frameworks */ = {
			isa = PBXFrameworksBuildPhase;
			buildActionMask = 2147483647;
			files = (
				A046B5782FF0889600DD65C5 /* SwiftUI.framework in Frameworks */,
				A046B5772FF0889600DD65C5 /* WidgetKit.framework in Frameworks */,
			);
			runOnlyForDeploymentPostprocessing = 0;
		};
		A0A7F8CB2FA54E3F00BCE594 /* Frameworks */ = {
			isa = PBXFrameworksBuildPhase;
			buildActionMask = 2147483647;
			files = (
				A01286362FAE159B00629E5A /* RevenueCatUI in Frameworks */,
				A01281892FABD5FF00629E5A /* GoogleMobileAds in Frameworks */,
				A012818B2FABD5FF00629E5A /* GoogleUserMessagingPlatform in Frameworks */,
				A01286A02FAFCC7600629E5A /* FirebaseAnalytics in Frameworks */,
				A01286342FAE159B00629E5A /* RevenueCat in Frameworks */,
			);
			runOnlyForDeploymentPostprocessing = 0;
		};
/* End PBXFrameworksBuildPhase section */

/* Begin PBXGroup section */
		A07078932FA60446009298AF /* Frameworks */ = {
			isa = PBXGroup;
			children = (
				A07078942FA60446009298AF /* WidgetKit.framework */,
				A07078962FA60446009298AF /* SwiftUI.framework */,
			);
			name = Frameworks;
			sourceTree = "<group>";
		};
		A0A7F8C52FA54E3F00BCE594 = {
			isa = PBXGroup;
			children = (
				A046B58B2FF0893800DD65C5 /* KindledWidgetExtension.entitlements */,
				A0A7F8D02FA54E3F00BCE594 /* Kindled */,
				A046B5792FF0889600DD65C5 /* KindledWidget */,
				A07078932FA60446009298AF /* Frameworks */,
				A0A7F8CF2FA54E3F00BCE594 /* Products */,
			);
			sourceTree = "<group>";
		};
		A0A7F8CF2FA54E3F00BCE594 /* Products */ = {
			isa = PBXGroup;
			children = (
				A0A7F8CE2FA54E3F00BCE594 /* Kindled.app */,
				A046B5762FF0889600DD65C5 /* KindledWidgetExtension.appex */,
			);
			name = Products;
			sourceTree = "<group>";
		};
/* End PBXGroup section */

/* Begin PBXNativeTarget section */
		A046B5752FF0889600DD65C5 /* KindledWidgetExtension */ = {
			isa = PBXNativeTarget;
			buildConfigurationList = A046B5862FF0889600DD65C5 /* Build configuration list for PBXNativeTarget "KindledWidgetExtension" */;
			buildPhases = (
				A046B5722FF0889600DD65C5 /* Sources */,
				A046B5732FF0889600DD65C5 /* Frameworks */,
				A046B5742FF0889600DD65C5 /* Resources */,
			);
			buildRules = (
			);
			dependencies = (
			);
			fileSystemSynchronizedGroups = (
				A046B5792FF0889600DD65C5 /* KindledWidget */,
			);
			name = KindledWidgetExtension;
			packageProductDependencies = (
			);
			productName = KindledWidgetExtension;
			productReference = A046B5762FF0889600DD65C5 /* KindledWidgetExtension.appex */;
			productType = "com.apple.product-type.app-extension";
		};
		A0A7F8CD2FA54E3F00BCE594 /* Kindled */ = {
			isa = PBXNativeTarget;
			buildConfigurationList = A0A7F8D92FA54E4100BCE594 /* Build configuration list for PBXNativeTarget "Kindled" */;
			buildPhases = (
				A0A7F8CA2FA54E3F00BCE594 /* Sources */,
				A0A7F8CB2FA54E3F00BCE594 /* Frameworks */,
				A0A7F8CC2FA54E3F00BCE594 /* Resources */,
				A07078A92FA60447009298AF /* Embed Foundation Extensions */,
			);
			buildRules = (
			);
			dependencies = (
				A046B5842FF0889600DD65C5 /* PBXTargetDependency */,
			);
			fileSystemSynchronizedGroups = (
				A0A7F8D02FA54E3F00BCE594 /* Kindled */,
			);
			name = Kindled;
			packageProductDependencies = (
				A01281882FABD5FF00629E5A /* GoogleMobileAds */,
				A012818A2FABD5FF00629E5A /* GoogleUserMessagingPlatform */,
				A01286332FAE159B00629E5A /* RevenueCat */,
				A01286352FAE159B00629E5A /* RevenueCatUI */,
				A012869F2FAFCC7600629E5A /* FirebaseAnalytics */,
			);
			productName = Kindled;
			productReference = A0A7F8CE2FA54E3F00BCE594 /* Kindled.app */;
			productType = "com.apple.product-type.application";
		};
/* End PBXNativeTarget section */

/* Begin PBXProject section */
		A0A7F8C62FA54E3F00BCE594 /* Project object */ = {
			isa = PBXProject;
			attributes = {
				BuildIndependentTargetsInParallel = 1;
				LastSwiftUpdateCheck = 2660;
				LastUpgradeCheck = 2640;
				TargetAttributes = {
					A046B5752FF0889600DD65C5 = {
						CreatedOnToolsVersion = 26.6;
					};
					A0A7F8CD2FA54E3F00BCE594 = {
						CreatedOnToolsVersion = 26.4.1;
					};
				};
			};
			buildConfigurationList = A0A7F8C92FA54E3F00BCE594 /* Build configuration list for PBXProject "Kindled" */;
			developmentRegion = en;
			hasScannedForEncodings = 0;
			knownRegions = (
				en,
				de,
				Base,
			);
			mainGroup = A0A7F8C52FA54E3F00BCE594;
			minimizedProjectReferenceProxies = 1;
			packageReferences = (
				A01281872FABD5FF00629E5A /* XCRemoteSwiftPackageReference "swift-package-manager-google-mobile-ads" */,
				A012818C2FABD5FF00629E5A /* XCRemoteSwiftPackageReference "swift-package-manager-google-user-messaging-platform" */,
				A01286322FAE159B00629E5A /* XCRemoteSwiftPackageReference "purchases-ios-spm" */,
				A012869E2FAFCC7600629E5A /* XCRemoteSwiftPackageReference "firebase-ios-sdk" */,
			);
			preferredProjectObjectVersion = 77;
			productRefGroup = A0A7F8CF2FA54E3F00BCE594 /* Products */;
			projectDirPath = "";
			projectRoot = "";
			targets = (
				A0A7F8CD2FA54E3F00BCE594 /* Kindled */,
				A046B5752FF0889600DD65C5 /* KindledWidgetExtension */,
			);
		};
/* End PBXProject section */

/* Begin PBXResourcesBuildPhase section */
		A046B5742FF0889600DD65C5 /* Resources */ = {
			isa = PBXResourcesBuildPhase;
			buildActionMask = 2147483647;
			files = (
			);
			runOnlyForDeploymentPostprocessing = 0;
		};
		A0A7F8CC2FA54E3F00BCE594 /* Resources */ = {
			isa = PBXResourcesBuildPhase;
			buildActionMask = 2147483647;
			files = (
			);
			runOnlyForDeploymentPostprocessing = 0;
		};
/* End PBXResourcesBuildPhase section */

/* Begin PBXSourcesBuildPhase section */
		A046B5722FF0889600DD65C5 /* Sources */ = {
			isa = PBXSourcesBuildPhase;
			buildActionMask = 2147483647;
			files = (
			);
			runOnlyForDeploymentPostprocessing = 0;
		};
		A0A7F8CA2FA54E3F00BCE594 /* Sources */ = {
			isa = PBXSourcesBuildPhase;
			buildActionMask = 2147483647;
			files = (
			);
			runOnlyForDeploymentPostprocessing = 0;
		};
/* End PBXSourcesBuildPhase section */

/* Begin PBXTargetDependency section */
		A046B5842FF0889600DD65C5 /* PBXTargetDependency */ = {
			isa = PBXTargetDependency;
			target = A046B5752FF0889600DD65C5 /* KindledWidgetExtension */;
			targetProxy = A046B5832FF0889600DD65C5 /* PBXContainerItemProxy */;
		};
/* End PBXTargetDependency section */

/* Begin XCBuildConfiguration section */
		A046B5872FF0889600DD65C5 /* Debug */ = {
			isa = XCBuildConfiguration;
			buildSettings = {
				ASSETCATALOG_COMPILER_GLOBAL_ACCENT_COLOR_NAME = AccentColor;
				ASSETCATALOG_COMPILER_WIDGET_BACKGROUND_COLOR_NAME = WidgetBackground;
				CODE_SIGN_ENTITLEMENTS = KindledWidgetExtension.entitlements;
				CODE_SIGN_STYLE = Automatic;
				CURRENT_PROJECT_VERSION = 1;
				DEVELOPMENT_TEAM = 74233Z9998;
				GENERATE_INFOPLIST_FILE = YES;
				INFOPLIST_FILE = KindledWidget/Info.plist;
				INFOPLIST_KEY_CFBundleDisplayName = KindledWidget;
				INFOPLIST_KEY_NSHumanReadableCopyright = "";
				IPHONEOS_DEPLOYMENT_TARGET = 26.5;
				LD_RUNPATH_SEARCH_PATHS = (
					"$(inherited)",
					"@executable_path/Frameworks",
					"@executable_path/../../Frameworks",
				);
				MARKETING_VERSION = 1.0;
				PRODUCT_BUNDLE_IDENTIFIER = "dev.luka-lta.kindled.KindledWidget";
				PRODUCT_NAME = "$(TARGET_NAME)";
				SKIP_INSTALL = YES;
				STRING_CATALOG_GENERATE_SYMBOLS = YES;
				SWIFT_APPROACHABLE_CONCURRENCY = YES;
				SWIFT_EMIT_LOC_STRINGS = YES;
				SWIFT_UPCOMING_FEATURE_MEMBER_IMPORT_VISIBILITY = YES;
				SWIFT_VERSION = 5.0;
				TARGETED_DEVICE_FAMILY = "1,2";
			};
			name = Debug;
		};
		A046B5882FF0889600DD65C5 /* Release */ = {
			isa = XCBuildConfiguration;
			buildSettings = {
				ASSETCATALOG_COMPILER_GLOBAL_ACCENT_COLOR_NAME = AccentColor;
				ASSETCATALOG_COMPILER_WIDGET_BACKGROUND_COLOR_NAME = WidgetBackground;
				CODE_SIGN_ENTITLEMENTS = KindledWidgetExtension.entitlements;
				CODE_SIGN_STYLE = Automatic;
				CURRENT_PROJECT_VERSION = 1;
				DEVELOPMENT_TEAM = 74233Z9998;
				GENERATE_INFOPLIST_FILE = YES;
				INFOPLIST_FILE = KindledWidget/Info.plist;
				INFOPLIST_KEY_CFBundleDisplayName = KindledWidget;
				INFOPLIST_KEY_NSHumanReadableCopyright = "";
				IPHONEOS_DEPLOYMENT_TARGET = 26.5;
				LD_RUNPATH_SEARCH_PATHS = (
					"$(inherited)",
					"@executable_path/Frameworks",
					"@executable_path/../../Frameworks",
				);
				MARKETING_VERSION = 1.0;
				PRODUCT_BUNDLE_IDENTIFIER = "dev.luka-lta.kindled.KindledWidget";
				PRODUCT_NAME = "$(TARGET_NAME)";
				SKIP_INSTALL = YES;
				STRING_CATALOG_GENERATE_SYMBOLS = YES;
				SWIFT_APPROACHABLE_CONCURRENCY = YES;
				SWIFT_EMIT_LOC_STRINGS = YES;
				SWIFT_UPCOMING_FEATURE_MEMBER_IMPORT_VISIBILITY = YES;
				SWIFT_VERSION = 5.0;
				TARGETED_DEVICE_FAMILY = "1,2";
			};
			name = Release;
		};
		A0A7F8D72FA54E4100BCE594 /* Debug */ = {
			isa = XCBuildConfiguration;
			buildSettings = {
				ALWAYS_SEARCH_USER_PATHS = NO;
				ASSETCATALOG_COMPILER_GENERATE_SWIFT_ASSET_SYMBOL_EXTENSIONS = YES;
				CLANG_ANALYZER_NONNULL = YES;
				CLANG_ANALYZER_NUMBER_OBJECT_CONVERSION = YES_AGGRESSIVE;
				CLANG_CXX_LANGUAGE_STANDARD = "gnu++20";
				CLANG_ENABLE_MODULES = YES;
				CLANG_ENABLE_OBJC_ARC = YES;
				CLANG_ENABLE_OBJC_WEAK = YES;
				CLANG_WARN_BLOCK_CAPTURE_AUTORELEASING = YES;
				CLANG_WARN_BOOL_CONVERSION = YES;
				CLANG_WARN_COMMA = YES;
				CLANG_WARN_CONSTANT_CONVERSION = YES;
				CLANG_WARN_DEPRECATED_OBJC_IMPLEMENTATIONS = YES;
				CLANG_WARN_DIRECT_OBJC_ISA_USAGE = YES_ERROR;
				CLANG_WARN_DOCUMENTATION_COMMENTS = YES;
				CLANG_WARN_EMPTY_BODY = YES;
				CLANG_WARN_ENUM_CONVERSION = YES;
				CLANG_WARN_INFINITE_RECURSION = YES;
				CLANG_WARN_INT_CONVERSION = YES;
				CLANG_WARN_NON_LITERAL_NULL_CONVERSION = YES;
				CLANG_WARN_OBJC_IMPLICIT_RETAIN_SELF = YES;
				CLANG_WARN_OBJC_LITERAL_CONVERSION = YES;
				CLANG_WARN_OBJC_ROOT_CLASS = YES_ERROR;
				CLANG_WARN_QUOTED_INCLUDE_IN_FRAMEWORK_HEADER = YES;
				CLANG_WARN_RANGE_LOOP_ANALYSIS = YES;
				CLANG_WARN_STRICT_PROTOTYPES = YES;
				CLANG_WARN_SUSPICIOUS_MOVE = YES;
				CLANG_WARN_UNGUARDED_AVAILABILITY = YES_AGGRESSIVE;
				CLANG_WARN_UNREACHABLE_CODE = YES;
				CLANG_WARN__DUPLICATE_METHOD_MATCH = YES;
				COPY_PHASE_STRIP = NO;
				DEBUG_INFORMATION_FORMAT = dwarf;
				DEVELOPMENT_TEAM = 74233Z9998;
				ENABLE_STRICT_OBJC_MSGSEND = YES;
				ENABLE_TESTABILITY = YES;
				ENABLE_USER_SCRIPT_SANDBOXING = YES;
				GCC_C_LANGUAGE_STANDARD = gnu17;
				GCC_DYNAMIC_NO_PIC = NO;
				GCC_NO_COMMON_BLOCKS = YES;
				GCC_OPTIMIZATION_LEVEL = 0;
				GCC_PREPROCESSOR_DEFINITIONS = (
					"DEBUG=1",
					"$(inherited)",
				);
				GCC_WARN_64_TO_32_BIT_CONVERSION = YES;
				GCC_WARN_ABOUT_RETURN_TYPE = YES_ERROR;
				GCC_WARN_UNDECLARED_SELECTOR = YES;
				GCC_WARN_UNINITIALIZED_AUTOS = YES_AGGRESSIVE;
				GCC_WARN_UNUSED_FUNCTION = YES;
				GCC_WARN_UNUSED_VARIABLE = YES;
				IPHONEOS_DEPLOYMENT_TARGET = 26.4;
				LOCALIZATION_PREFERS_STRING_CATALOGS = YES;
				MTL_ENABLE_DEBUG_INFO = INCLUDE_SOURCE;
				MTL_FAST_MATH = YES;
				ONLY_ACTIVE_ARCH = YES;
				SDKROOT = iphoneos;
				SWIFT_ACTIVE_COMPILATION_CONDITIONS = "DEBUG $(inherited)";
				SWIFT_OPTIMIZATION_LEVEL = "-Onone";
			};
			name = Debug;
		};
		A0A7F8D82FA54E4100BCE594 /* Release */ = {
			isa = XCBuildConfiguration;
			buildSettings = {
				ALWAYS_SEARCH_USER_PATHS = NO;
				ASSETCATALOG_COMPILER_GENERATE_SWIFT_ASSET_SYMBOL_EXTENSIONS = YES;
				CLANG_ANALYZER_NONNULL = YES;
				CLANG_ANALYZER_NUMBER_OBJECT_CONVERSION = YES_AGGRESSIVE;
				CLANG_CXX_LANGUAGE_STANDARD = "gnu++20";
				CLANG_ENABLE_MODULES = YES;
				CLANG_ENABLE_OBJC_ARC = YES;
				CLANG_ENABLE_OBJC_WEAK = YES;
				CLANG_WARN_BLOCK_CAPTURE_AUTORELEASING = YES;
				CLANG_WARN_BOOL_CONVERSION = YES;
				CLANG_WARN_COMMA = YES;
				CLANG_WARN_CONSTANT_CONVERSION = YES;
				CLANG_WARN_DEPRECATED_OBJC_IMPLEMENTATIONS = YES;
				CLANG_WARN_DIRECT_OBJC_ISA_USAGE = YES_ERROR;
				CLANG_WARN_DOCUMENTATION_COMMENTS = YES;
				CLANG_WARN_EMPTY_BODY = YES;
				CLANG_WARN_ENUM_CONVERSION = YES;
				CLANG_WARN_INFINITE_RECURSION = YES;
				CLANG_WARN_INT_CONVERSION = YES;
				CLANG_WARN_NON_LITERAL_NULL_CONVERSION = YES;
				CLANG_WARN_OBJC_IMPLICIT_RETAIN_SELF = YES;
				CLANG_WARN_OBJC_LITERAL_CONVERSION = YES;
				CLANG_WARN_OBJC_ROOT_CLASS = YES_ERROR;
				CLANG_WARN_QUOTED_INCLUDE_IN_FRAMEWORK_HEADER = YES;
				CLANG_WARN_RANGE_LOOP_ANALYSIS = YES;
				CLANG_WARN_STRICT_PROTOTYPES = YES;
				CLANG_WARN_SUSPICIOUS_MOVE = YES;
				CLANG_WARN_UNGUARDED_AVAILABILITY = YES_AGGRESSIVE;
				CLANG_WARN_UNREACHABLE_CODE = YES;
				CLANG_WARN__DUPLICATE_METHOD_MATCH = YES;
				COPY_PHASE_STRIP = NO;
				DEBUG_INFORMATION_FORMAT = "dwarf-with-dsym";
				DEVELOPMENT_TEAM = 74233Z9998;
				ENABLE_NS_ASSERTIONS = NO;
				ENABLE_STRICT_OBJC_MSGSEND = YES;
				ENABLE_USER_SCRIPT_SANDBOXING = YES;
				GCC_C_LANGUAGE_STANDARD = gnu17;
				GCC_NO_COMMON_BLOCKS = YES;
				GCC_WARN_64_TO_32_BIT_CONVERSION = YES;
				GCC_WARN_ABOUT_RETURN_TYPE = YES_ERROR;
				GCC_WARN_UNDECLARED_SELECTOR = YES;
				GCC_WARN_UNINITIALIZED_AUTOS = YES_AGGRESSIVE;
				GCC_WARN_UNUSED_FUNCTION = YES;
				GCC_WARN_UNUSED_VARIABLE = YES;
				IPHONEOS_DEPLOYMENT_TARGET = 26.4;
				LOCALIZATION_PREFERS_STRING_CATALOGS = YES;
				MTL_ENABLE_DEBUG_INFO = NO;
				MTL_FAST_MATH = YES;
				SDKROOT = iphoneos;
				SWIFT_COMPILATION_MODE = wholemodule;
				VALIDATE_PRODUCT = YES;
			};
			name = Release;
		};
		A0A7F8DA2FA54E4100BCE594 /* Debug */ = {
			isa = XCBuildConfiguration;
			buildSettings = {
				ASSETCATALOG_COMPILER_APPICON_NAME = AppIcon;
				ASSETCATALOG_COMPILER_GLOBAL_ACCENT_COLOR_NAME = AccentColor;
				ASSETCATALOG_COMPILER_INCLUDE_ALL_APPICON_ASSETS = NO;
				CODE_SIGN_ENTITLEMENTS = Kindled/Kindled.entitlements;
				CODE_SIGN_STYLE = Automatic;
				CURRENT_PROJECT_VERSION = 1;
				DEVELOPMENT_TEAM = 74233Z9998;
				ENABLE_PREVIEWS = YES;
				GENERATE_INFOPLIST_FILE = YES;
				INFOPLIST_FILE = Kindled/Info.plist;
				INFOPLIST_KEY_CFBundleDisplayName = Kindled;
				INFOPLIST_KEY_NSUserTrackingUsageDescription = "The app uses personal data for ads";
				INFOPLIST_KEY_UIApplicationSceneManifest_Generation = YES;
				INFOPLIST_KEY_UIApplicationSupportsIndirectInputEvents = YES;
				INFOPLIST_KEY_UILaunchScreen_Generation = YES;
				INFOPLIST_KEY_UISupportedInterfaceOrientations_iPad = "UIInterfaceOrientationPortrait UIInterfaceOrientationPortraitUpsideDown UIInterfaceOrientationLandscapeLeft UIInterfaceOrientationLandscapeRight";
				INFOPLIST_KEY_UISupportedInterfaceOrientations_iPhone = "UIInterfaceOrientationPortrait UIInterfaceOrientationLandscapeLeft UIInterfaceOrientationLandscapeRight";
				LD_RUNPATH_SEARCH_PATHS = (
					"$(inherited)",
					"@executable_path/Frameworks",
				);
				MARKETING_VERSION = 1.8.1;
				PRODUCT_BUNDLE_IDENTIFIER = "dev.luka-lta.kindled";
				PRODUCT_NAME = "$(TARGET_NAME)";
				STRING_CATALOG_GENERATE_SYMBOLS = YES;
				SUPPORTED_PLATFORMS = "iphoneos iphonesimulator";
				SUPPORTS_MACCATALYST = NO;
				SUPPORTS_MAC_DESIGNED_FOR_IPHONE_IPAD = NO;
				SUPPORTS_XR_DESIGNED_FOR_IPHONE_IPAD = NO;
				SWIFT_APPROACHABLE_CONCURRENCY = YES;
				SWIFT_DEFAULT_ACTOR_ISOLATION = MainActor;
				SWIFT_EMIT_LOC_STRINGS = YES;
				SWIFT_UPCOMING_FEATURE_MEMBER_IMPORT_VISIBILITY = YES;
				SWIFT_VERSION = 5.0;
				TARGETED_DEVICE_FAMILY = 1;
			};
			name = Debug;
		};
		A0A7F8DB2FA54E4100BCE594 /* Release */ = {
			isa = XCBuildConfiguration;
			buildSettings = {
				ASSETCATALOG_COMPILER_APPICON_NAME = AppIcon;
				ASSETCATALOG_COMPILER_GLOBAL_ACCENT_COLOR_NAME = AccentColor;
				ASSETCATALOG_COMPILER_INCLUDE_ALL_APPICON_ASSETS = NO;
				CODE_SIGN_ENTITLEMENTS = Kindled/Kindled.entitlements;
				CODE_SIGN_STYLE = Automatic;
				CURRENT_PROJECT_VERSION = 1;
				DEVELOPMENT_TEAM = 74233Z9998;
				ENABLE_PREVIEWS = YES;
				GENERATE_INFOPLIST_FILE = YES;
				INFOPLIST_FILE = Kindled/Info.plist;
				INFOPLIST_KEY_CFBundleDisplayName = Kindled;
				INFOPLIST_KEY_NSUserTrackingUsageDescription = "The app uses personal data for ads";
				INFOPLIST_KEY_UIApplicationSceneManifest_Generation = YES;
				INFOPLIST_KEY_UIApplicationSupportsIndirectInputEvents = YES;
				INFOPLIST_KEY_UILaunchScreen_Generation = YES;
				INFOPLIST_KEY_UISupportedInterfaceOrientations_iPad = "UIInterfaceOrientationPortrait UIInterfaceOrientationPortraitUpsideDown UIInterfaceOrientationLandscapeLeft UIInterfaceOrientationLandscapeRight";
				INFOPLIST_KEY_UISupportedInterfaceOrientations_iPhone = "UIInterfaceOrientationPortrait UIInterfaceOrientationLandscapeLeft UIInterfaceOrientationLandscapeRight";
				LD_RUNPATH_SEARCH_PATHS = (
					"$(inherited)",
					"@executable_path/Frameworks",
				);
				MARKETING_VERSION = 1.8.1;
				PRODUCT_BUNDLE_IDENTIFIER = "dev.luka-lta.kindled";
				PRODUCT_NAME = "$(TARGET_NAME)";
				STRING_CATALOG_GENERATE_SYMBOLS = YES;
				SUPPORTED_PLATFORMS = "iphoneos iphonesimulator";
				SUPPORTS_MACCATALYST = NO;
				SUPPORTS_MAC_DESIGNED_FOR_IPHONE_IPAD = NO;
				SUPPORTS_XR_DESIGNED_FOR_IPHONE_IPAD = NO;
				SWIFT_APPROACHABLE_CONCURRENCY = YES;
				SWIFT_DEFAULT_ACTOR_ISOLATION = MainActor;
				SWIFT_EMIT_LOC_STRINGS = YES;
				SWIFT_UPCOMING_FEATURE_MEMBER_IMPORT_VISIBILITY = YES;
				SWIFT_VERSION = 5.0;
				TARGETED_DEVICE_FAMILY = 1;
			};
			name = Release;
		};
/* End XCBuildConfiguration section */

/* Begin XCConfigurationList section */
		A046B5862FF0889600DD65C5 /* Build configuration list for PBXNativeTarget "KindledWidgetExtension" */ = {
			isa = XCConfigurationList;
			buildConfigurations = (
				A046B5872FF0889600DD65C5 /* Debug */,
				A046B5882FF0889600DD65C5 /* Release */,
			);
			defaultConfigurationIsVisible = 0;
			defaultConfigurationName = Release;
		};
		A0A7F8C92FA54E3F00BCE594 /* Build configuration list for PBXProject "Kindled" */ = {
			isa = XCConfigurationList;
			buildConfigurations = (
				A0A7F8D72FA54E4100BCE594 /* Debug */,
				A0A7F8D82FA54E4100BCE594 /* Release */,
			);
			defaultConfigurationIsVisible = 0;
			defaultConfigurationName = Release;
		};
		A0A7F8D92FA54E4100BCE594 /* Build configuration list for PBXNativeTarget "Kindled" */ = {
			isa = XCConfigurationList;
			buildConfigurations = (
				A0A7F8DA2FA54E4100BCE594 /* Debug */,
				A0A7F8DB2FA54E4100BCE594 /* Release */,
			);
			defaultConfigurationIsVisible = 0;
			defaultConfigurationName = Release;
		};
/* End XCConfigurationList section */

/* Begin XCRemoteSwiftPackageReference section */
		A01281872FABD5FF00629E5A /* XCRemoteSwiftPackageReference "swift-package-manager-google-mobile-ads" */ = {
			isa = XCRemoteSwiftPackageReference;
			repositoryURL = "https://github.com/googleads/swift-package-manager-google-mobile-ads";
			requirement = {
				kind = upToNextMajorVersion;
				minimumVersion = 13.3.0;
			};
		};
		A012818C2FABD5FF00629E5A /* XCRemoteSwiftPackageReference "swift-package-manager-google-user-messaging-platform" */ = {
			isa = XCRemoteSwiftPackageReference;
			repositoryURL = "https://github.com/googleads/swift-package-manager-google-user-messaging-platform.git";
			requirement = {
				kind = upToNextMajorVersion;
				minimumVersion = 2.0.0;
			};
		};
		A01286322FAE159B00629E5A /* XCRemoteSwiftPackageReference "purchases-ios-spm" */ = {
			isa = XCRemoteSwiftPackageReference;
			repositoryURL = "https://github.com/RevenueCat/purchases-ios-spm.git";
			requirement = {
				kind = upToNextMajorVersion;
				minimumVersion = 5.72.0;
			};
		};
		A012869E2FAFCC7600629E5A /* XCRemoteSwiftPackageReference "firebase-ios-sdk" */ = {
			isa = XCRemoteSwiftPackageReference;
			repositoryURL = "https://github.com/firebase/firebase-ios-sdk";
			requirement = {
				kind = upToNextMajorVersion;
				minimumVersion = 12.13.0;
			};
		};
/* End XCRemoteSwiftPackageReference section */

/* Begin XCSwiftPackageProductDependency section */
		A01281882FABD5FF00629E5A /* GoogleMobileAds */ = {
			isa = XCSwiftPackageProductDependency;
			package = A01281872FABD5FF00629E5A /* XCRemoteSwiftPackageReference "swift-package-manager-google-mobile-ads" */;
			productName = GoogleMobileAds;
		};
		A012818A2FABD5FF00629E5A /* GoogleUserMessagingPlatform */ = {
			isa = XCSwiftPackageProductDependency;
			package = A012818C2FABD5FF00629E5A /* XCRemoteSwiftPackageReference "swift-package-manager-google-user-messaging-platform" */;
			productName = GoogleUserMessagingPlatform;
		};
		A01286332FAE159B00629E5A /* RevenueCat */ = {
			isa = XCSwiftPackageProductDependency;
			package = A01286322FAE159B00629E5A /* XCRemoteSwiftPackageReference "purchases-ios-spm" */;
			productName = RevenueCat;
		};
		A01286352FAE159B00629E5A /* RevenueCatUI */ = {
			isa = XCSwiftPackageProductDependency;
			package = A01286322FAE159B00629E5A /* XCRemoteSwiftPackageReference "purchases-ios-spm" */;
			productName = RevenueCatUI;
		};
		A012869F2FAFCC7600629E5A /* FirebaseAnalytics */ = {
			isa = XCSwiftPackageProductDependency;
			package = A012869E2FAFCC7600629E5A /* XCRemoteSwiftPackageReference "firebase-ios-sdk" */;
			productName = FirebaseAnalytics;
		};
/* End XCSwiftPackageProductDependency section */
	};
	rootObject = A0A7F8C62FA54E3F00BCE594 /* Project object */;
}
